
Microsoft Visual Studio Solution File, Format Version 12.00
# Visual Studio 15
VisualStudioVersion = 15.0.28307.168
MinimumVisualStudioVersion = 10.0.40219.1
Project("{8BC9CEB8-8B4A-11D0-8D11-00A0C91BC942}") = "client", "client\client.vcxproj", "{F318480E-B650-4436-B695-9882C50B5F65}"
EndProject
Project("{8BC9CEB8-8B4A-11D0-8D11-00A0C91BC942}") = "server", "server\server.vcxproj", "{10920138-A385-4AB6-AE4B-B09E2A78CA32}"
EndProject
Global
	GlobalSection(SolutionConfigurationPlatforms) = preSolution
		Debug|x64 = Debug|x64
		Debug|x86 = Debug|x86
		Release|x64 = Release|x64
		Release|x86 = Release|x86
	EndGlobalSection
	GlobalSection(ProjectConfigurationPlatforms) = postSolution
		{F318480E-B650-4436-B695-9882C50B5F65}.Debug|x64.ActiveCfg = Debug|x64
		{F318480E-B650-4436-B695-9882C50B5F65}.Debug|x64.Build.0 = Debug|x64
		{F318480E-B650-4436-B695-9882C50B5F65}.Debug|x86.ActiveCfg = Debug|Win32
		{F318480E-B650-4436-B695-9882C50B5F65}.Debug|x86.Build.0 = Debug|Win32
		{F318480E-B650-4436-B695-9882C50B5F65}.Release|x64.ActiveCfg = Release|x64
		{F318480E-B650-4436-B695-9882C50B5F65}.Release|x64.Build.0 = Release|x64
		{F318480E-B650-4436-B695-9882C50B5F65}.Release|x86.ActiveCfg = Release|Win32
		{F318480E-B650-4436-B695-9882C50B5F65}.Release|x86.Build.0 = Release|Win32
		{10920138-A385-4AB6-AE4B-B09E2A78CA32}.Debug|x64.ActiveCfg = Debug|x64
		{10920138-A385-4AB6-AE4B-B09E2A78CA32}.Debug|x64.Build.0 = Debug|x64
		{10920138-A385-4AB6-AE4B-B09E2A78CA32}.Debug|x86.ActiveCfg = Debug|Win32
		{10920138-A385-4AB6-AE4B-B09E2A78CA32}.Debug|x86.Build.0 = Debug|Win32
		{10920138-A385-4AB6-AE4B-B09E2A78CA32}.Release|x64.ActiveCfg = Release|x64
		{10920138-A385-4AB6-AE4B-B09E2A78CA32}.Release|x64.Build.0 = Release|x64
		{10920138-A385-4AB6-AE4B-B09E2A78CA32}.Release|x86.ActiveCfg = Release|Win32
		{10920138-A385-4AB6-AE4B-B09E2A78CA32}.Release|x86.Build.0 = Release|Win32
	EndGlobalSection
	GlobalSection(SolutionProperties) = preSolution
		HideSolutionNode = FALSE
	EndGlobalSection
	GlobalSection(ExtensibilityGlobals) = postSolution
		SolutionGuid = {B6EF7DCD-FFA9-4163-9B8D-F9FFD8763462}
	EndGlobalSection
EndGlobal
